
Microsoft Visual Studio Solution File, Format Version 12.00
# Visual Studio Version 16
VisualStudioVersion = 16.0.31424.327
MinimumVisualStudioVersion = 10.0.40219.1
Project("{FAE04EC0-301F-11D3-BF4B-00C04F79EFBC}") = "LunchBuddies", "LunchBuddies\LunchBuddies.csproj", "{1CDC4697-4900-4A09-AD96-465AA1D0B81B}"
EndProject
Global
	GlobalSection(SolutionConfigurationPlatforms) = preSolution
		Debug|Any CPU = Debug|Any CPU
		Release|Any CPU = Release|Any CPU
	EndGlobalSection
	GlobalSection(ProjectConfigurationPlatforms) = postSolution
		{1CDC4697-4900-4A09-AD96-465AA1D0B81B}.Debug|Any CPU.ActiveCfg = Debug|Any CPU
		{1CDC4697-4900-4A09-AD96-465AA1D0B81B}.Debug|Any CPU.Build.0 = Debug|Any CPU
		{1CDC4697-4900-4A09-AD96-465AA1D0B81B}.Release|Any CPU.ActiveCfg = Release|Any CPU
		{1CDC4697-4900-4A09-AD96-465AA1D0B81B}.Release|Any CPU.Build.0 = Release|Any CPU
	EndGlobalSection
	GlobalSection(SolutionProperties) = preSolution
		HideSolutionNode = FALSE
	EndGlobalSection
	GlobalSection(ExtensibilityGlobals) = postSolution
		SolutionGuid = {89E324FE-0106-4F5E-898C-0EE2587D9081}
	EndGlobalSection
EndGlobal
